
Microsoft Visual Studio Solution File, Format Version 12.00
# Visual Studio Version 17
VisualStudioVersion = 17.0.31903.59
MinimumVisualStudioVersion = 10.0.40219.1
Project("{FAE04EC0-301F-11D3-BF4B-00C04F79EFBC}") = "ChatApi", "ChatApi\ChatApi.csproj", "{A1DE4871-2662-41C9-9549-98A0562EF6BA}"
EndProject
Project("{FAE04EC0-301F-11D3-BF4B-00C04F79EFBC}") = "ChatEntities", "ChatEntities\ChatEntities.csproj", "{8B51FB43-97F7-4D0E-8E26-2EC4FA07E5D5}"
EndProject
Project("{FAE04EC0-301F-11D3-BF4B-00C04F79EFBC}") = "ChatRepositories", "ChatRepositories\ChatRepositories.csproj", "{4636AA87-55D3-45D7-86C7-FD8DF43368A6}"
EndProject
Global
	GlobalSection(SolutionConfigurationPlatforms) = preSolution
		Debug|Any CPU = Debug|Any CPU
		Release|Any CPU = Release|Any CPU
	EndGlobalSection
	GlobalSection(SolutionProperties) = preSolution
		HideSolutionNode = FALSE
	EndGlobalSection
	GlobalSection(ProjectConfigurationPlatforms) = postSolution
		{A1DE4871-2662-41C9-9549-98A0562EF6BA}.Debug|Any CPU.ActiveCfg = Debug|Any CPU
		{A1DE4871-2662-41C9-9549-98A0562EF6BA}.Debug|Any CPU.Build.0 = Debug|Any CPU
		{A1DE4871-2662-41C9-9549-98A0562EF6BA}.Release|Any CPU.ActiveCfg = Release|Any CPU
		{A1DE4871-2662-41C9-9549-98A0562EF6BA}.Release|Any CPU.Build.0 = Release|Any CPU
		{8B51FB43-97F7-4D0E-8E26-2EC4FA07E5D5}.Debug|Any CPU.ActiveCfg = Debug|Any CPU
		{8B51FB43-97F7-4D0E-8E26-2EC4FA07E5D5}.Debug|Any CPU.Build.0 = Debug|Any CPU
		{8B51FB43-97F7-4D0E-8E26-2EC4FA07E5D5}.Release|Any CPU.ActiveCfg = Release|Any CPU
		{8B51FB43-97F7-4D0E-8E26-2EC4FA07E5D5}.Release|Any CPU.Build.0 = Release|Any CPU
		{4636AA87-55D3-45D7-86C7-FD8DF43368A6}.Debug|Any CPU.ActiveCfg = Debug|Any CPU
		{4636AA87-55D3-45D7-86C7-FD8DF43368A6}.Debug|Any CPU.Build.0 = Debug|Any CPU
		{4636AA87-55D3-45D7-86C7-FD8DF43368A6}.Release|Any CPU.ActiveCfg = Release|Any CPU
		{4636AA87-55D3-45D7-86C7-FD8DF43368A6}.Release|Any CPU.Build.0 = Release|Any CPU
	EndGlobalSection
EndGlobal
