
Microsoft Visual Studio Solution File, Format Version 12.00
# Visual Studio Version 17
VisualStudioVersion = 17.5.002.0
MinimumVisualStudioVersion = 10.0.40219.1
Project("{9A19103F-16F7-4668-BE54-9A1E7A4F7556}") = "StoreApi", "StoreApi.csproj", "{2BED8408-A86D-423C-8FEE-A2FEA2156087}"
EndProject
Global
	GlobalSection(SolutionConfigurationPlatforms) = preSolution
		Debug|Any CPU = Debug|Any CPU
		Release|Any CPU = Release|Any CPU
	EndGlobalSection
	GlobalSection(ProjectConfigurationPlatforms) = postSolution
		{2BED8408-A86D-423C-8FEE-A2FEA2156087}.Debug|Any CPU.ActiveCfg = Debug|Any CPU
		{2BED8408-A86D-423C-8FEE-A2FEA2156087}.Debug|Any CPU.Build.0 = Debug|Any CPU
		{2BED8408-A86D-423C-8FEE-A2FEA2156087}.Release|Any CPU.ActiveCfg = Release|Any CPU
		{2BED8408-A86D-423C-8FEE-A2FEA2156087}.Release|Any CPU.Build.0 = Release|Any CPU
	EndGlobalSection
	GlobalSection(SolutionProperties) = preSolution
		HideSolutionNode = FALSE
	EndGlobalSection
	GlobalSection(ExtensibilityGlobals) = postSolution
		SolutionGuid = {12012537-822C-4100-8960-77A2BEEE5113}
	EndGlobalSection
EndGlobal
